Microsoft Visual Studio Solution File, Format Version 12.00
# Visual Studio Version 17
VisualStudioVersion = 17.5.2.0
MinimumVisualStudioVersion = 10.0.40219.1
Project("{FAE04EC0-301F-11D3-BF4B-00C04F79EFBC}") = "LanMountainDesktop.PluginSdk", "LanMountainDesktop.PluginSdk\LanMountainDesktop.PluginSdk.csproj", "{CC1F4041-E72D-91DB-4A60-376D8D30B140}"
EndProject
Project("{2150E333-8FDC-42A3-9474-1A3956D46DE8}") = "LanAirApp", "LanAirApp", "{80090883-8DFA-3E2C-EC96-AF9AD8F9EB36}"
EndProject
Project("{2150E333-8FDC-42A3-9474-1A3956D46DE8}") = "samples", "samples", "{DC514EF1-5F44-9EF1-F619-87DDAC00983B}"
EndProject
Project("{FAE04EC0-301F-11D3-BF4B-00C04F79EFBC}") = "LanMountainDesktop.SamplePlugin", "LanAirApp\samples\LanMountainDesktop.SamplePlugin\LanMountainDesktop.SamplePlugin.csproj", "{9AE6C669-F6D5-7146-4188-CD2C0829A3C3}"
EndProject
Project("{2150E333-8FDC-42A3-9474-1A3956D46DE8}") = "tools", "tools", "{1D9822A8-C73C-5155-6C84-BCBB882BB7A5}"
EndProject
Project("{FAE04EC0-301F-11D3-BF4B-00C04F79EFBC}") = "LanMountainDesktop.PluginPackager", "LanAirApp\tools\LanMountainDesktop.PluginPackager\LanMountainDesktop.PluginPackager.csproj", "{9A6BA0BF-B71F-F964-A416-ABDEE3C3C764}"
EndProject
Global
	GlobalSection(SolutionConfigurationPlatforms) = preSolution
		Debug|Any CPU = Debug|Any CPU
		Release|Any CPU = Release|Any CPU
	EndGlobalSection
	GlobalSection(ProjectConfigurationPlatforms) = postSolution
		{CC1F4041-E72D-91DB-4A60-376D8D30B140}.Debug|Any CPU.ActiveCfg = Debug|Any CPU
		{CC1F4041-E72D-91DB-4A60-376D8D30B140}.Debug|Any CPU.Build.0 = Debug|Any CPU
		{CC1F4041-E72D-91DB-4A60-376D8D30B140}.Release|Any CPU.ActiveCfg = Release|Any CPU
		{CC1F4041-E72D-91DB-4A60-376D8D30B140}.Release|Any CPU.Build.0 = Release|Any CPU
		{9AE6C669-F6D5-7146-4188-CD2C0829A3C3}.Debug|Any CPU.ActiveCfg = Debug|Any CPU
		{9AE6C669-F6D5-7146-4188-CD2C0829A3C3}.Debug|Any CPU.Build.0 = Debug|Any CPU
		{9AE6C669-F6D5-7146-4188-CD2C0829A3C3}.Release|Any CPU.ActiveCfg = Release|Any CPU
		{9AE6C669-F6D5-7146-4188-CD2C0829A3C3}.Release|Any CPU.Build.0 = Release|Any CPU
		{9A6BA0BF-B71F-F964-A416-ABDEE3C3C764}.Debug|Any CPU.ActiveCfg = Debug|Any CPU
		{9A6BA0BF-B71F-F964-A416-ABDEE3C3C764}.Debug|Any CPU.Build.0 = Debug|Any CPU
		{9A6BA0BF-B71F-F964-A416-ABDEE3C3C764}.Release|Any CPU.ActiveCfg = Release|Any CPU
		{9A6BA0BF-B71F-F964-A416-ABDEE3C3C764}.Release|Any CPU.Build.0 = Release|Any CPU
	EndGlobalSection
	GlobalSection(SolutionProperties) = preSolution
		HideSolutionNode = FALSE
	EndGlobalSection
	GlobalSection(NestedProjects) = preSolution
		{DC514EF1-5F44-9EF1-F619-87DDAC00983B} = {80090883-8DFA-3E2C-EC96-AF9AD8F9EB36}
		{9AE6C669-F6D5-7146-4188-CD2C0829A3C3} = {DC514EF1-5F44-9EF1-F619-87DDAC00983B}
		{1D9822A8-C73C-5155-6C84-BCBB882BB7A5} = {80090883-8DFA-3E2C-EC96-AF9AD8F9EB36}
		{9A6BA0BF-B71F-F964-A416-ABDEE3C3C764} = {1D9822A8-C73C-5155-6C84-BCBB882BB7A5}
	EndGlobalSection
	GlobalSection(ExtensibilityGlobals) = postSolution
		SolutionGuid = {2024E1D0-2E9C-4B7B-B581-A03B422F6CC8}
	EndGlobalSection
EndGlobal
