<Solution>
  <Folder Name="/airappmarket/" />
  <Folder Name="/airappmarket/tools/">
    <Project Path="airappmarket/tools/AirAppMarket.IndexBuilder/AirAppMarket.IndexBuilder.csproj" />
    <Project Path="airappmarket/tools/AirAppMarket.Validator/AirAppMarket.Validator.csproj" />
  </Folder>
  <Folder Name="/contracts/">
    <Project Path="LanMountainDesktop.SharedContracts.SampleClock/LanMountainDesktop.SharedContracts.SampleClock.csproj" />
  </Folder>
</Solution>
